Microsoft Visual Studio Solution File, Format Version 12.00
# Visual Studio Version 17
VisualStudioVersion = 17.5.2.0
MinimumVisualStudioVersion = 10.0.40219.1
Project("{2150E333-8FDC-42A3-9474-1A3956D46DE8}") = "tools", "tools", "{07C2787E-EAC7-C090-1BA3-A61EC2A24D84}"
EndProject
Project("{2150E333-8FDC-42A3-9474-1A3956D46DE8}") = "others", "others", "{EACB0086-F75B-B723-D3A3-D54160BC726B}"
EndProject
Project("{FAE04EC0-301F-11D3-BF4B-00C04F79EFBC}") = "convert_adaptives", "tools\others\convert_adaptives.csproj", "{826B3FEE-DF25-276A-F693-330EBB6732F6}"
EndProject
Global
	GlobalSection(SolutionConfigurationPlatforms) = preSolution
		Debug|Any CPU = Debug|Any CPU
		Release|Any CPU = Release|Any CPU
	EndGlobalSection
	GlobalSection(ProjectConfigurationPlatforms) = postSolution
		{826B3FEE-DF25-276A-F693-330EBB6732F6}.Debug|Any CPU.ActiveCfg = Debug|Any CPU
		{826B3FEE-DF25-276A-F693-330EBB6732F6}.Debug|Any CPU.Build.0 = Debug|Any CPU
		{826B3FEE-DF25-276A-F693-330EBB6732F6}.Release|Any CPU.ActiveCfg = Release|Any CPU
		{826B3FEE-DF25-276A-F693-330EBB6732F6}.Release|Any CPU.Build.0 = Release|Any CPU
	EndGlobalSection
	GlobalSection(SolutionProperties) = preSolution
		HideSolutionNode = FALSE
	EndGlobalSection
	GlobalSection(NestedProjects) = preSolution
		{EACB0086-F75B-B723-D3A3-D54160BC726B} = {07C2787E-EAC7-C090-1BA3-A61EC2A24D84}
		{826B3FEE-DF25-276A-F693-330EBB6732F6} = {EACB0086-F75B-B723-D3A3-D54160BC726B}
	EndGlobalSection
	GlobalSection(ExtensibilityGlobals) = postSolution
		SolutionGuid = {D2699BF0-781E-4517-8427-C069844DFEDD}
	EndGlobalSection
EndGlobal
